
Microsoft Visual Studio Solution File, Format Version 12.00
# Visual Studio Version 17
VisualStudioVersion = 17.6.33723.286
MinimumVisualStudioVersion = 10.0.40219.1
Project("{9A19103F-16F7-4668-BE54-9A1E7A4F7556}") = "01.ValidUsernames", "01.ValidUsernames\01.ValidUsernames.csproj", "{A98423F7-37E7-4E4B-BA2A-E34ACE9D8105}"
EndProject
Project("{9A19103F-16F7-4668-BE54-9A1E7A4F7556}") = "02.CharacterMultiplier", "02.CharacterMultiplier\02.CharacterMultiplier.csproj", "{FB12CBE0-71CB-45B6-A710-176FB657D4A1}"
EndProject
Project("{9A19103F-16F7-4668-BE54-9A1E7A4F7556}") = "03.ExtractFile", "03.ExtractFile\03.ExtractFile.csproj", "{6DEA353E-1431-4A57-B098-72C7D47B39B9}"
EndProject
Project("{9A19103F-16F7-4668-BE54-9A1E7A4F7556}") = "04.CaesarCipher", "04.CaesarCipher\04.CaesarCipher.csproj", "{C3A34738-DBA5-470C-AC47-69C1CE6B6146}"
EndProject
Project("{9A19103F-16F7-4668-BE54-9A1E7A4F7556}") = "03.ExtractFileSolution2", "03.ExtractFileSolution2\03.ExtractFileSolution2.csproj", "{75DB8BFF-4513-435B-91E9-FD1313F7BC01}"
EndProject
Project("{9A19103F-16F7-4668-BE54-9A1E7A4F7556}") = "04.CaesarCipherSolution2", "04.CaesarCipherSolution2\04.CaesarCipherSolution2.csproj", "{26A5ED41-8585-4088-B74E-8377C8C88D1A}"
EndProject
Project("{9A19103F-16F7-4668-BE54-9A1E7A4F7556}") = "05.MultiplyBigNumber", "05.MultiplyBigNumber\05.MultiplyBigNumber.csproj", "{82DBE2BA-E002-417B-9D5B-C6F55B677F13}"
EndProject
Project("{FAE04EC0-301F-11D3-BF4B-00C04F79EFBC}") = "06.ReplaceRepeatingChars", "06.ReplaceRepeatingChars\06.ReplaceRepeatingChars.csproj", "{DCBFB4C3-11B6-43AD-BD56-5FA86D5F1E1D}"
EndProject
Global
	GlobalSection(SolutionConfigurationPlatforms) = preSolution
		Debug|Any CPU = Debug|Any CPU
		Release|Any CPU = Release|Any CPU
	EndGlobalSection
	GlobalSection(ProjectConfigurationPlatforms) = postSolution
		{A98423F7-37E7-4E4B-BA2A-E34ACE9D8105}.Debug|Any CPU.ActiveCfg = Debug|Any CPU
		{A98423F7-37E7-4E4B-BA2A-E34ACE9D8105}.Debug|Any CPU.Build.0 = Debug|Any CPU
		{A98423F7-37E7-4E4B-BA2A-E34ACE9D8105}.Release|Any CPU.ActiveCfg = Release|Any CPU
		{A98423F7-37E7-4E4B-BA2A-E34ACE9D8105}.Release|Any CPU.Build.0 = Release|Any CPU
		{FB12CBE0-71CB-45B6-A710-176FB657D4A1}.Debug|Any CPU.ActiveCfg = Debug|Any CPU
		{FB12CBE0-71CB-45B6-A710-176FB657D4A1}.Debug|Any CPU.Build.0 = Debug|Any CPU
		{FB12CBE0-71CB-45B6-A710-176FB657D4A1}.Release|Any CPU.ActiveCfg = Release|Any CPU
		{FB12CBE0-71CB-45B6-A710-176FB657D4A1}.Release|Any CPU.Build.0 = Release|Any CPU
		{6DEA353E-1431-4A57-B098-72C7D47B39B9}.Debug|Any CPU.ActiveCfg = Debug|Any CPU
		{6DEA353E-1431-4A57-B098-72C7D47B39B9}.Debug|Any CPU.Build.0 = Debug|Any CPU
		{6DEA353E-1431-4A57-B098-72C7D47B39B9}.Release|Any CPU.ActiveCfg = Release|Any CPU
		{6DEA353E-1431-4A57-B098-72C7D47B39B9}.Release|Any CPU.Build.0 = Release|Any CPU
		{C3A34738-DBA5-470C-AC47-69C1CE6B6146}.Debug|Any CPU.ActiveCfg = Debug|Any CPU
		{C3A34738-DBA5-470C-AC47-69C1CE6B6146}.Debug|Any CPU.Build.0 = Debug|Any CPU
		{C3A34738-DBA5-470C-AC47-69C1CE6B6146}.Release|Any CPU.ActiveCfg = Release|Any CPU
		{C3A34738-DBA5-470C-AC47-69C1CE6B6146}.Release|Any CPU.Build.0 = Release|Any CPU
		{75DB8BFF-4513-435B-91E9-FD1313F7BC01}.Debug|Any CPU.ActiveCfg = Debug|Any CPU
		{75DB8BFF-4513-435B-91E9-FD1313F7BC01}.Debug|Any CPU.Build.0 = Debug|Any CPU
		{75DB8BFF-4513-435B-91E9-FD1313F7BC01}.Release|Any CPU.ActiveCfg = Release|Any CPU
		{75DB8BFF-4513-435B-91E9-FD1313F7BC01}.Release|Any CPU.Build.0 = Release|Any CPU
		{26A5ED41-8585-4088-B74E-8377C8C88D1A}.Debug|Any CPU.ActiveCfg = Debug|Any CPU
		{26A5ED41-8585-4088-B74E-8377C8C88D1A}.Debug|Any CPU.Build.0 = Debug|Any CPU
		{26A5ED41-8585-4088-B74E-8377C8C88D1A}.Release|Any CPU.ActiveCfg = Release|Any CPU
		{26A5ED41-8585-4088-B74E-8377C8C88D1A}.Release|Any CPU.Build.0 = Release|Any CPU
		{82DBE2BA-E002-417B-9D5B-C6F55B677F13}.Debug|Any CPU.ActiveCfg = Debug|Any CPU
		{82DBE2BA-E002-417B-9D5B-C6F55B677F13}.Debug|Any CPU.Build.0 = Debug|Any CPU
		{82DBE2BA-E002-417B-9D5B-C6F55B677F13}.Release|Any CPU.ActiveCfg = Release|Any CPU
		{82DBE2BA-E002-417B-9D5B-C6F55B677F13}.Release|Any CPU.Build.0 = Release|Any CPU
		{DCBFB4C3-11B6-43AD-BD56-5FA86D5F1E1D}.Debug|Any CPU.ActiveCfg = Debug|Any CPU
		{DCBFB4C3-11B6-43AD-BD56-5FA86D5F1E1D}.Debug|Any CPU.Build.0 = Debug|Any CPU
		{DCBFB4C3-11B6-43AD-BD56-5FA86D5F1E1D}.Release|Any CPU.ActiveCfg = Release|Any CPU
		{DCBFB4C3-11B6-43AD-BD56-5FA86D5F1E1D}.Release|Any CPU.Build.0 = Release|Any CPU
	EndGlobalSection
	GlobalSection(SolutionProperties) = preSolution
		HideSolutionNode = FALSE
	EndGlobalSection
	GlobalSection(ExtensibilityGlobals) = postSolution
		SolutionGuid = {C8D9AA98-0642-44A2-8E67-2927C085A433}
	EndGlobalSection
EndGlobal
