
Microsoft Visual Studio Solution File, Format Version 12.00
# Visual Studio Version 17
VisualStudioVersion = 17.6.33723.286
MinimumVisualStudioVersion = 10.0.40219.1
Project("{FAE04EC0-301F-11D3-BF4B-00C04F79EFBC}") = "01.RandomizeWords", "01.RandomizeWords\01.RandomizeWords.csproj", "{B8A67E97-CAE7-42BF-BFF7-B782B94F8037}"
EndProject
Project("{FAE04EC0-301F-11D3-BF4B-00C04F79EFBC}") = "02.BigFactorial", "02.BigFactorial\02.BigFactorial.csproj", "{EA1AAF81-2B6D-4B12-9F40-9E742E5D2FE7}"
EndProject
Global
	GlobalSection(SolutionConfigurationPlatforms) = preSolution
		Debug|Any CPU = Debug|Any CPU
		Release|Any CPU = Release|Any CPU
	EndGlobalSection
	GlobalSection(ProjectConfigurationPlatforms) = postSolution
		{B8A67E97-CAE7-42BF-BFF7-B782B94F8037}.Debug|Any CPU.ActiveCfg = Debug|Any CPU
		{B8A67E97-CAE7-42BF-BFF7-B782B94F8037}.Debug|Any CPU.Build.0 = Debug|Any CPU
		{B8A67E97-CAE7-42BF-BFF7-B782B94F8037}.Release|Any CPU.ActiveCfg = Release|Any CPU
		{B8A67E97-CAE7-42BF-BFF7-B782B94F8037}.Release|Any CPU.Build.0 = Release|Any CPU
		{EA1AAF81-2B6D-4B12-9F40-9E742E5D2FE7}.Debug|Any CPU.ActiveCfg = Debug|Any CPU
		{EA1AAF81-2B6D-4B12-9F40-9E742E5D2FE7}.Debug|Any CPU.Build.0 = Debug|Any CPU
		{EA1AAF81-2B6D-4B12-9F40-9E742E5D2FE7}.Release|Any CPU.ActiveCfg = Release|Any CPU
		{EA1AAF81-2B6D-4B12-9F40-9E742E5D2FE7}.Release|Any CPU.Build.0 = Release|Any CPU
	EndGlobalSection
	GlobalSection(SolutionProperties) = preSolution
		HideSolutionNode = FALSE
	EndGlobalSection
	GlobalSection(ExtensibilityGlobals) = postSolution
		SolutionGuid = {C8D9AA98-0642-44A2-8E67-2927C085A433}
	EndGlobalSection
EndGlobal
