
Microsoft Visual Studio Solution File, Format Version 12.00
# Visual Studio Version 17
VisualStudioVersion = 17.6.33723.286
MinimumVisualStudioVersion = 10.0.40219.1
Project("{FAE04EC0-301F-11D3-BF4B-00C04F79EFBC}") = "01.SignofIntegerNumbers", "01.SignofIntegerNumbers\01.SignofIntegerNumbers.csproj", "{2E6CBBAB-5DFB-45E1-88BD-3B51FF275456}"
EndProject
Project("{FAE04EC0-301F-11D3-BF4B-00C04F79EFBC}") = "02.Grades", "02.Grades\02.Grades.csproj", "{6547F905-FA82-400F-B630-4E322CE8CEE3}"
EndProject
Project("{FAE04EC0-301F-11D3-BF4B-00C04F79EFBC}") = "03.Calculations", "03.Calculations\03.Calculations.csproj", "{9E902E17-E959-47CF-A09F-4C34994D89D6}"
EndProject
Global
	GlobalSection(SolutionConfigurationPlatforms) = preSolution
		Debug|Any CPU = Debug|Any CPU
		Release|Any CPU = Release|Any CPU
	EndGlobalSection
	GlobalSection(ProjectConfigurationPlatforms) = postSolution
		{2E6CBBAB-5DFB-45E1-88BD-3B51FF275456}.Debug|Any CPU.ActiveCfg = Debug|Any CPU
		{2E6CBBAB-5DFB-45E1-88BD-3B51FF275456}.Debug|Any CPU.Build.0 = Debug|Any CPU
		{2E6CBBAB-5DFB-45E1-88BD-3B51FF275456}.Release|Any CPU.ActiveCfg = Release|Any CPU
		{2E6CBBAB-5DFB-45E1-88BD-3B51FF275456}.Release|Any CPU.Build.0 = Release|Any CPU
		{6547F905-FA82-400F-B630-4E322CE8CEE3}.Debug|Any CPU.ActiveCfg = Debug|Any CPU
		{6547F905-FA82-400F-B630-4E322CE8CEE3}.Debug|Any CPU.Build.0 = Debug|Any CPU
		{6547F905-FA82-400F-B630-4E322CE8CEE3}.Release|Any CPU.ActiveCfg = Release|Any CPU
		{6547F905-FA82-400F-B630-4E322CE8CEE3}.Release|Any CPU.Build.0 = Release|Any CPU
		{9E902E17-E959-47CF-A09F-4C34994D89D6}.Debug|Any CPU.ActiveCfg = Debug|Any CPU
		{9E902E17-E959-47CF-A09F-4C34994D89D6}.Debug|Any CPU.Build.0 = Debug|Any CPU
		{9E902E17-E959-47CF-A09F-4C34994D89D6}.Release|Any CPU.ActiveCfg = Release|Any CPU
		{9E902E17-E959-47CF-A09F-4C34994D89D6}.Release|Any CPU.Build.0 = Release|Any CPU
	EndGlobalSection
	GlobalSection(SolutionProperties) = preSolution
		HideSolutionNode = FALSE
	EndGlobalSection
	GlobalSection(ExtensibilityGlobals) = postSolution
		SolutionGuid = {C8D9AA98-0642-44A2-8E67-2927C085A433}
	EndGlobalSection
EndGlobal
