
Microsoft Visual Studio Solution File, Format Version 12.00
# Visual Studio Version 17
VisualStudioVersion = 17.6.33723.286
MinimumVisualStudioVersion = 10.0.40219.1
Project("{9A19103F-16F7-4668-BE54-9A1E7A4F7556}") = "01.DecryptingCommands", "DecryptingCommands\01.DecryptingCommands.csproj", "{2D664A24-71E9-4990-9914-4FA0FF25AFD8}"
EndProject
Project("{9A19103F-16F7-4668-BE54-9A1E7A4F7556}") = "02.EasterEggs", "02.EasterEggs\02.EasterEggs.csproj", "{A8BFAAB2-53C9-4106-B5CC-3A267542739E}"
EndProject
Project("{FAE04EC0-301F-11D3-BF4B-00C04F79EFBC}") = "03.WildZoo", "03.WildZoo\03.WildZoo.csproj", "{CEDBB0FE-2A5B-4A02-996F-C45CB090D7F8}"
EndProject
Global
	GlobalSection(SolutionConfigurationPlatforms) = preSolution
		Debug|Any CPU = Debug|Any CPU
		Release|Any CPU = Release|Any CPU
	EndGlobalSection
	GlobalSection(ProjectConfigurationPlatforms) = postSolution
		{2D664A24-71E9-4990-9914-4FA0FF25AFD8}.Debug|Any CPU.ActiveCfg = Debug|Any CPU
		{2D664A24-71E9-4990-9914-4FA0FF25AFD8}.Debug|Any CPU.Build.0 = Debug|Any CPU
		{2D664A24-71E9-4990-9914-4FA0FF25AFD8}.Release|Any CPU.ActiveCfg = Release|Any CPU
		{2D664A24-71E9-4990-9914-4FA0FF25AFD8}.Release|Any CPU.Build.0 = Release|Any CPU
		{A8BFAAB2-53C9-4106-B5CC-3A267542739E}.Debug|Any CPU.ActiveCfg = Debug|Any CPU
		{A8BFAAB2-53C9-4106-B5CC-3A267542739E}.Debug|Any CPU.Build.0 = Debug|Any CPU
		{A8BFAAB2-53C9-4106-B5CC-3A267542739E}.Release|Any CPU.ActiveCfg = Release|Any CPU
		{A8BFAAB2-53C9-4106-B5CC-3A267542739E}.Release|Any CPU.Build.0 = Release|Any CPU
		{CEDBB0FE-2A5B-4A02-996F-C45CB090D7F8}.Debug|Any CPU.ActiveCfg = Debug|Any CPU
		{CEDBB0FE-2A5B-4A02-996F-C45CB090D7F8}.Debug|Any CPU.Build.0 = Debug|Any CPU
		{CEDBB0FE-2A5B-4A02-996F-C45CB090D7F8}.Release|Any CPU.ActiveCfg = Release|Any CPU
		{CEDBB0FE-2A5B-4A02-996F-C45CB090D7F8}.Release|Any CPU.Build.0 = Release|Any CPU
	EndGlobalSection
	GlobalSection(SolutionProperties) = preSolution
		HideSolutionNode = FALSE
	EndGlobalSection
	GlobalSection(ExtensibilityGlobals) = postSolution
		SolutionGuid = {C8D9AA98-0642-44A2-8E67-2927C085A433}
	EndGlobalSection
EndGlobal
