
Microsoft Visual Studio Solution File, Format Version 12.00
# Visual Studio Version 17
VisualStudioVersion = 17.6.33723.286
MinimumVisualStudioVersion = 10.0.40219.1
Project("{9A19103F-16F7-4668-BE54-9A1E7A4F7556}") = "01.SortNumbers", "01.SortNumbers\01.SortNumbers.csproj", "{1E3528D6-3380-4393-BC91-F48DB985BB95}"
EndProject
Project("{9A19103F-16F7-4668-BE54-9A1E7A4F7556}") = "02.EnglishNameOfTheLastDigit", "02.EnglishNameOfTheLastDigit\02.EnglishNameOfTheLastDigit.csproj", "{EDC3460A-EB9F-404D-8513-13CA0E2C5829}"
EndProject
Project("{9A19103F-16F7-4668-BE54-9A1E7A4F7556}") = "03.GamingStore", "03.GamingStore\03.GamingStore.csproj", "{DEE90E9D-9E9D-43ED-B86C-193B2F6C6F14}"
EndProject
Project("{9A19103F-16F7-4668-BE54-9A1E7A4F7556}") = "04.ReverseString", "04.ReverseString\04.ReverseString.csproj", "{7AF0D0EB-E09A-45AD-B29F-CC38806B1F07}"
EndProject
Project("{9A19103F-16F7-4668-BE54-9A1E7A4F7556}") = "05.Messages", "05.Messages\05.Messages.csproj", "{33B008C4-A55C-4430-A3B3-16677579D306}"
EndProject
Global
	GlobalSection(SolutionConfigurationPlatforms) = preSolution
		Debug|Any CPU = Debug|Any CPU
		Release|Any CPU = Release|Any CPU
	EndGlobalSection
	GlobalSection(ProjectConfigurationPlatforms) = postSolution
		{1E3528D6-3380-4393-BC91-F48DB985BB95}.Debug|Any CPU.ActiveCfg = Debug|Any CPU
		{1E3528D6-3380-4393-BC91-F48DB985BB95}.Debug|Any CPU.Build.0 = Debug|Any CPU
		{1E3528D6-3380-4393-BC91-F48DB985BB95}.Release|Any CPU.ActiveCfg = Release|Any CPU
		{1E3528D6-3380-4393-BC91-F48DB985BB95}.Release|Any CPU.Build.0 = Release|Any CPU
		{EDC3460A-EB9F-404D-8513-13CA0E2C5829}.Debug|Any CPU.ActiveCfg = Debug|Any CPU
		{EDC3460A-EB9F-404D-8513-13CA0E2C5829}.Debug|Any CPU.Build.0 = Debug|Any CPU
		{EDC3460A-EB9F-404D-8513-13CA0E2C5829}.Release|Any CPU.ActiveCfg = Release|Any CPU
		{EDC3460A-EB9F-404D-8513-13CA0E2C5829}.Release|Any CPU.Build.0 = Release|Any CPU
		{DEE90E9D-9E9D-43ED-B86C-193B2F6C6F14}.Debug|Any CPU.ActiveCfg = Debug|Any CPU
		{DEE90E9D-9E9D-43ED-B86C-193B2F6C6F14}.Debug|Any CPU.Build.0 = Debug|Any CPU
		{DEE90E9D-9E9D-43ED-B86C-193B2F6C6F14}.Release|Any CPU.ActiveCfg = Release|Any CPU
		{DEE90E9D-9E9D-43ED-B86C-193B2F6C6F14}.Release|Any CPU.Build.0 = Release|Any CPU
		{7AF0D0EB-E09A-45AD-B29F-CC38806B1F07}.Debug|Any CPU.ActiveCfg = Debug|Any CPU
		{7AF0D0EB-E09A-45AD-B29F-CC38806B1F07}.Debug|Any CPU.Build.0 = Debug|Any CPU
		{7AF0D0EB-E09A-45AD-B29F-CC38806B1F07}.Release|Any CPU.ActiveCfg = Release|Any CPU
		{7AF0D0EB-E09A-45AD-B29F-CC38806B1F07}.Release|Any CPU.Build.0 = Release|Any CPU
		{33B008C4-A55C-4430-A3B3-16677579D306}.Debug|Any CPU.ActiveCfg = Debug|Any CPU
		{33B008C4-A55C-4430-A3B3-16677579D306}.Debug|Any CPU.Build.0 = Debug|Any CPU
		{33B008C4-A55C-4430-A3B3-16677579D306}.Release|Any CPU.ActiveCfg = Release|Any CPU
		{33B008C4-A55C-4430-A3B3-16677579D306}.Release|Any CPU.Build.0 = Release|Any CPU
	EndGlobalSection
	GlobalSection(SolutionProperties) = preSolution
		HideSolutionNode = FALSE
	EndGlobalSection
	GlobalSection(ExtensibilityGlobals) = postSolution
		SolutionGuid = {305932D3-5623-4325-9A5A-B8F7D2AAD3F6}
	EndGlobalSection
EndGlobal
