
Microsoft Visual Studio Solution File, Format Version 12.00
# Visual Studio Version 17
VisualStudioVersion = 17.6.33723.286
MinimumVisualStudioVersion = 10.0.40219.1
Project("{FAE04EC0-301F-11D3-BF4B-00C04F79EFBC}") = "01.SecretChat", "SecretChat\01.SecretChat.csproj", "{F6E45987-0721-4002-B585-29DFF8FBE4FB}"
EndProject
Project("{FAE04EC0-301F-11D3-BF4B-00C04F79EFBC}") = "test", "test\test.csproj", "{656B8EDA-19CC-4F0B-9A57-D8C7BAAB3C8A}"
EndProject
Global
	GlobalSection(SolutionConfigurationPlatforms) = preSolution
		Debug|Any CPU = Debug|Any CPU
		Release|Any CPU = Release|Any CPU
	EndGlobalSection
	GlobalSection(ProjectConfigurationPlatforms) = postSolution
		{F6E45987-0721-4002-B585-29DFF8FBE4FB}.Debug|Any CPU.ActiveCfg = Debug|Any CPU
		{F6E45987-0721-4002-B585-29DFF8FBE4FB}.Debug|Any CPU.Build.0 = Debug|Any CPU
		{F6E45987-0721-4002-B585-29DFF8FBE4FB}.Release|Any CPU.ActiveCfg = Release|Any CPU
		{F6E45987-0721-4002-B585-29DFF8FBE4FB}.Release|Any CPU.Build.0 = Release|Any CPU
		{656B8EDA-19CC-4F0B-9A57-D8C7BAAB3C8A}.Debug|Any CPU.ActiveCfg = Debug|Any CPU
		{656B8EDA-19CC-4F0B-9A57-D8C7BAAB3C8A}.Debug|Any CPU.Build.0 = Debug|Any CPU
		{656B8EDA-19CC-4F0B-9A57-D8C7BAAB3C8A}.Release|Any CPU.ActiveCfg = Release|Any CPU
		{656B8EDA-19CC-4F0B-9A57-D8C7BAAB3C8A}.Release|Any CPU.Build.0 = Release|Any CPU
	EndGlobalSection
	GlobalSection(SolutionProperties) = preSolution
		HideSolutionNode = FALSE
	EndGlobalSection
	GlobalSection(ExtensibilityGlobals) = postSolution
		SolutionGuid = {C8D9AA98-0642-44A2-8E67-2927C085A433}
	EndGlobalSection
EndGlobal
