
Microsoft Visual Studio Solution File, Format Version 12.00
# Visual Studio Version 17
VisualStudioVersion = 17.6.33723.286
MinimumVisualStudioVersion = 10.0.40219.1
Project("{9A19103F-16F7-4668-BE54-9A1E7A4F7556}") = "02.FancyBarcodes", "02.FancyBarcodes\02.FancyBarcodes.csproj", "{E84BAF20-E994-4BC9-9B87-5665AAE33DFC}"
EndProject
Project("{9A19103F-16F7-4668-BE54-9A1E7A4F7556}") = "03.P!rates", "03.P!rates\03.P!rates.csproj", "{A32C0012-7E96-4166-8A8B-1A7ECCE08001}"
EndProject
Project("{9A19103F-16F7-4668-BE54-9A1E7A4F7556}") = "01.TheImitationGame", "01.TheImitationGame\01.TheImitationGame.csproj", "{13E8471E-D032-409F-925F-1113F4FFFD24}"
EndProject
Project("{9A19103F-16F7-4668-BE54-9A1E7A4F7556}") = "02.AdAstra", "02.AdAstra\02.AdAstra.csproj", "{C5A9C339-3A0D-46EB-B7DF-7F311478C299}"
EndProject
Project("{9A19103F-16F7-4668-BE54-9A1E7A4F7556}") = "03.ThePianist", "03.ThePianist\03.ThePianist.csproj", "{9006DD3E-3BCB-482B-9EE2-24AD688F3C0F}"
EndProject
Project("{9A19103F-16F7-4668-BE54-9A1E7A4F7556}") = "01.SecretChat", "01.SecretChat\01.SecretChat.csproj", "{697745FF-322C-44AB-BFB1-AFE79B88574A}"
EndProject
Project("{9A19103F-16F7-4668-BE54-9A1E7A4F7556}") = "01.ActivationKeys", "01.ActivationKeys\01.ActivationKeys.csproj", "{BFAA2972-4BA1-4DD7-906A-AC7E0FC3B481}"
EndProject
Project("{9A19103F-16F7-4668-BE54-9A1E7A4F7556}") = "02.EmojiDetector", "02.EmojiDetector\02.EmojiDetector.csproj", "{05806FFB-AE1F-43BC-8602-F89E46A4ABF5}"
EndProject
Project("{9A19103F-16F7-4668-BE54-9A1E7A4F7556}") = "03.HeroesofCodeandLogicVII", "03.HeroesofCodeandLogicVII\03.HeroesofCodeandLogicVII.csproj", "{271DC2A8-BB6E-45CA-8EA4-3651062E0A7A}"
EndProject
Project("{FAE04EC0-301F-11D3-BF4B-00C04F79EFBC}") = "01.PasswordReset", "01.PasswordReset\01.PasswordReset.csproj", "{78034B4F-BD11-4534-ABB3-15769E7AF229}"
EndProject
Global
	GlobalSection(SolutionConfigurationPlatforms) = preSolution
		Debug|Any CPU = Debug|Any CPU
		Release|Any CPU = Release|Any CPU
	EndGlobalSection
	GlobalSection(ProjectConfigurationPlatforms) = postSolution
		{E84BAF20-E994-4BC9-9B87-5665AAE33DFC}.Debug|Any CPU.ActiveCfg = Debug|Any CPU
		{E84BAF20-E994-4BC9-9B87-5665AAE33DFC}.Debug|Any CPU.Build.0 = Debug|Any CPU
		{E84BAF20-E994-4BC9-9B87-5665AAE33DFC}.Release|Any CPU.ActiveCfg = Release|Any CPU
		{E84BAF20-E994-4BC9-9B87-5665AAE33DFC}.Release|Any CPU.Build.0 = Release|Any CPU
		{A32C0012-7E96-4166-8A8B-1A7ECCE08001}.Debug|Any CPU.ActiveCfg = Debug|Any CPU
		{A32C0012-7E96-4166-8A8B-1A7ECCE08001}.Debug|Any CPU.Build.0 = Debug|Any CPU
		{A32C0012-7E96-4166-8A8B-1A7ECCE08001}.Release|Any CPU.ActiveCfg = Release|Any CPU
		{A32C0012-7E96-4166-8A8B-1A7ECCE08001}.Release|Any CPU.Build.0 = Release|Any CPU
		{13E8471E-D032-409F-925F-1113F4FFFD24}.Debug|Any CPU.ActiveCfg = Debug|Any CPU
		{13E8471E-D032-409F-925F-1113F4FFFD24}.Debug|Any CPU.Build.0 = Debug|Any CPU
		{13E8471E-D032-409F-925F-1113F4FFFD24}.Release|Any CPU.ActiveCfg = Release|Any CPU
		{13E8471E-D032-409F-925F-1113F4FFFD24}.Release|Any CPU.Build.0 = Release|Any CPU
		{C5A9C339-3A0D-46EB-B7DF-7F311478C299}.Debug|Any CPU.ActiveCfg = Debug|Any CPU
		{C5A9C339-3A0D-46EB-B7DF-7F311478C299}.Debug|Any CPU.Build.0 = Debug|Any CPU
		{C5A9C339-3A0D-46EB-B7DF-7F311478C299}.Release|Any CPU.ActiveCfg = Release|Any CPU
		{C5A9C339-3A0D-46EB-B7DF-7F311478C299}.Release|Any CPU.Build.0 = Release|Any CPU
		{9006DD3E-3BCB-482B-9EE2-24AD688F3C0F}.Debug|Any CPU.ActiveCfg = Debug|Any CPU
		{9006DD3E-3BCB-482B-9EE2-24AD688F3C0F}.Debug|Any CPU.Build.0 = Debug|Any CPU
		{9006DD3E-3BCB-482B-9EE2-24AD688F3C0F}.Release|Any CPU.ActiveCfg = Release|Any CPU
		{9006DD3E-3BCB-482B-9EE2-24AD688F3C0F}.Release|Any CPU.Build.0 = Release|Any CPU
		{697745FF-322C-44AB-BFB1-AFE79B88574A}.Debug|Any CPU.ActiveCfg = Debug|Any CPU
		{697745FF-322C-44AB-BFB1-AFE79B88574A}.Debug|Any CPU.Build.0 = Debug|Any CPU
		{697745FF-322C-44AB-BFB1-AFE79B88574A}.Release|Any CPU.ActiveCfg = Release|Any CPU
		{697745FF-322C-44AB-BFB1-AFE79B88574A}.Release|Any CPU.Build.0 = Release|Any CPU
		{BFAA2972-4BA1-4DD7-906A-AC7E0FC3B481}.Debug|Any CPU.ActiveCfg = Debug|Any CPU
		{BFAA2972-4BA1-4DD7-906A-AC7E0FC3B481}.Debug|Any CPU.Build.0 = Debug|Any CPU
		{BFAA2972-4BA1-4DD7-906A-AC7E0FC3B481}.Release|Any CPU.ActiveCfg = Release|Any CPU
		{BFAA2972-4BA1-4DD7-906A-AC7E0FC3B481}.Release|Any CPU.Build.0 = Release|Any CPU
		{05806FFB-AE1F-43BC-8602-F89E46A4ABF5}.Debug|Any CPU.ActiveCfg = Debug|Any CPU
		{05806FFB-AE1F-43BC-8602-F89E46A4ABF5}.Debug|Any CPU.Build.0 = Debug|Any CPU
		{05806FFB-AE1F-43BC-8602-F89E46A4ABF5}.Release|Any CPU.ActiveCfg = Release|Any CPU
		{05806FFB-AE1F-43BC-8602-F89E46A4ABF5}.Release|Any CPU.Build.0 = Release|Any CPU
		{271DC2A8-BB6E-45CA-8EA4-3651062E0A7A}.Debug|Any CPU.ActiveCfg = Debug|Any CPU
		{271DC2A8-BB6E-45CA-8EA4-3651062E0A7A}.Debug|Any CPU.Build.0 = Debug|Any CPU
		{271DC2A8-BB6E-45CA-8EA4-3651062E0A7A}.Release|Any CPU.ActiveCfg = Release|Any CPU
		{271DC2A8-BB6E-45CA-8EA4-3651062E0A7A}.Release|Any CPU.Build.0 = Release|Any CPU
		{78034B4F-BD11-4534-ABB3-15769E7AF229}.Debug|Any CPU.ActiveCfg = Debug|Any CPU
		{78034B4F-BD11-4534-ABB3-15769E7AF229}.Debug|Any CPU.Build.0 = Debug|Any CPU
		{78034B4F-BD11-4534-ABB3-15769E7AF229}.Release|Any CPU.ActiveCfg = Release|Any CPU
		{78034B4F-BD11-4534-ABB3-15769E7AF229}.Release|Any CPU.Build.0 = Release|Any CPU
	EndGlobalSection
	GlobalSection(SolutionProperties) = preSolution
		HideSolutionNode = FALSE
	EndGlobalSection
	GlobalSection(ExtensibilityGlobals) = postSolution
		SolutionGuid = {C8D9AA98-0642-44A2-8E67-2927C085A433}
	EndGlobalSection
EndGlobal
